// !$*UTF8*$!
{
	archiveVersion = 1;
	classes = {
	};
	objectVersion = 77;
	objects = {

/* Begin PBXContainerItemProxy section */
		35BAE33D2E12F5BA0092438B /* PBXContainerItemProxy */ = {
			isa = PBXContainerItemProxy;
			containerPortal = 35BAE3272E12F5B90092438B /* Project object */;
			proxyType = 1;
			remoteGlobalIDString = 35BAE32E2E12F5B90092438B;
			remoteInfo = MoonshotApp;
		};
		35BAE3472E12F5BA0092438B /* PBXContainerItemProxy */ = {
			isa = PBXContainerItemProxy;
			containerPortal = 35BAE3272E12F5B90092438B /* Project object */;
			proxyType = 1;
			remoteGlobalIDString = 35BAE32E2E12F5B90092438B;
			remoteInfo = MoonshotApp;
		};
/* End PBXContainerItemProxy section */

/* Begin PBXFileReference section */
		35BAE32F2E12F5B90092438B /* MoonshotApp.app */ = {isa = PBXFileReference; explicitFileType = wrapper.application; includeInIndex = 0; path = MoonshotApp.app; sourceTree = BUILT_PRODUCTS_DIR; };
		35BAE33C2E12F5BA0092438B /* MoonshotAppTests.xctest */ = {isa = PBXFileReference; explicitFileType = wrapper.cfbundle; includeInIndex = 0; path = MoonshotAppTests.xctest; sourceTree = BUILT_PRODUCTS_DIR; };
		35BAE3462E12F5BA0092438B /* MoonshotAppUITests.xctest */ = {isa = PBXFileReference; explicitFileType = wrapper.cfbundle; includeInIndex = 0; path = MoonshotAppUITests.xctest; sourceTree = BUILT_PRODUCTS_DIR; };
/* End PBXFileReference section */

/* Begin PBXFileSystemSynchronizedRootGroup section */
		35BAE3312E12F5B90092438B /* MoonshotApp */ = {
			isa = PBXFileSystemSynchronizedRootGroup;
			path = MoonshotApp;
			sourceTree = "<group>";
		};
		35BAE33F2E12F5BA0092438B /* MoonshotAppTests */ = {
			isa = PBXFileSystemSynchronizedRootGroup;
			path = MoonshotAppTests;
			sourceTree = "<group>";
		};
		35BAE3492E12F5BA0092438B /* MoonshotAppUITests */ = {
			isa = PBXFileSystemSynchronizedRootGroup;
			path = MoonshotAppUITests;
			sourceTree = "<group>";
		};
/* End PBXFileSystemSynchronizedRootGroup section */

/* Begin PBXFrameworksBuildPhase section */
		35BAE32C2E12F5B90092438B /* Frameworks */ = {
			isa = PBXFrameworksBuildPhase;
			buildActionMask = 2147483647;
			files = (
			);
			runOnlyForDeploymentPostprocessing = 0;
		};
		35BAE3392E12F5BA0092438B /* Frameworks */ = {
			isa = PBXFrameworksBuildPhase;
			buildActionMask = 2147483647;
			files = (
			);
			runOnlyForDeploymentPostprocessing = 0;
		};
		35BAE3432E12F5BA0092438B /* Frameworks */ = {
			isa = PBXFrameworksBuildPhase;
			buildActionMask = 2147483647;
			files = (
			);
			runOnlyForDeploymentPostprocessing = 0;
		};
/* End PBXFrameworksBuildPhase section */

/* Begin PBXGroup section */
		35BAE3262E12F5B90092438B = {
			isa = PBXGroup;
			children = (
				35BAE3312E12F5B90092438B /* MoonshotApp */,
				35BAE33F2E12F5BA0092438B /* MoonshotAppTests */,
				35BAE3492E12F5BA0092438B /* MoonshotAppUITests */,
				35BAE3302E12F5B90092438B /* Products */,
			);
			sourceTree = "<group>";
		};
		35BAE3302E12F5B90092438B /* Products */ = {
			isa = PBXGroup;
			children = (
				35BAE32F2E12F5B90092438B /* MoonshotApp.app */,
				35BAE33C2E12F5BA0092438B /* MoonshotAppTests.xctest */,
				35BAE3462E12F5BA0092438B /* MoonshotAppUITests.xctest */,
			);
			name = Products;
			sourceTree = "<group>";
		};
/* End PBXGroup section */

/* Begin PBXNativeTarget section */
		35BAE32E2E12F5B90092438B /* MoonshotApp */ = {
			isa = PBXNativeTarget;
			buildConfigurationList = 35BAE3502E12F5BA0092438B /* Build configuration list for PBXNativeTarget "MoonshotApp" */;
			buildPhases = (
				35BAE32B2E12F5B90092438B /* Sources */,
				35BAE32C2E12F5B90092438B /* Frameworks */,
				35BAE32D2E12F5B90092438B /* Resources */,
			);
			buildRules = (
			);
			dependencies = (
			);
			fileSystemSynchronizedGroups = (
				35BAE3312E12F5B90092438B /* MoonshotApp */,
			);
			name = MoonshotApp;
			packageProductDependencies = (
			);
			productName = MoonshotApp;
			productReference = 35BAE32F2E12F5B90092438B /* MoonshotApp.app */;
			productType = "com.apple.product-type.application";
		};
		35BAE33B2E12F5BA0092438B /* MoonshotAppTests */ = {
			isa = PBXNativeTarget;
			buildConfigurationList = 35BAE3532E12F5BA0092438B /* Build configuration list for PBXNativeTarget "MoonshotAppTests" */;
			buildPhases = (
				35BAE3382E12F5BA0092438B /* Sources */,
				35BAE3392E12F5BA0092438B /* Frameworks */,
				35BAE33A2E12F5BA0092438B /* Resources */,
			);
			buildRules = (
			);
			dependencies = (
				35BAE33E2E12F5BA0092438B /* PBXTargetDependency */,
			);
			fileSystemSynchronizedGroups = (
				35BAE33F2E12F5BA0092438B /* MoonshotAppTests */,
			);
			name = MoonshotAppTests;
			packageProductDependencies = (
			);
			productName = MoonshotAppTests;
			productReference = 35BAE33C2E12F5BA0092438B /* MoonshotAppTests.xctest */;
			productType = "com.apple.product-type.bundle.unit-test";
		};
		35BAE3452E12F5BA0092438B /* MoonshotAppUITests */ = {
			isa = PBXNativeTarget;
			buildConfigurationList = 35BAE3562E12F5BA0092438B /* Build configuration list for PBXNativeTarget "MoonshotAppUITests" */;
			buildPhases = (
				35BAE3422E12F5BA0092438B /* Sources */,
				35BAE3432E12F5BA0092438B /* Frameworks */,
				35BAE3442E12F5BA0092438B /* Resources */,
			);
			buildRules = (
			);
			dependencies = (
				35BAE3482E12F5BA0092438B /* PBXTargetDependency */,
			);
			fileSystemSynchronizedGroups = (
				35BAE3492E12F5BA0092438B /* MoonshotAppUITests */,
			);
			name = MoonshotAppUITests;
			packageProductDependencies = (
			);
			productName = MoonshotAppUITests;
			productReference = 35BAE3462E12F5BA0092438B /* MoonshotAppUITests.xctest */;
			productType = "com.apple.product-type.bundle.ui-testing";
		};
/* End PBXNativeTarget section */

/* Begin PBXProject section */
		35BAE3272E12F5B90092438B /* Project object */ = {
			isa = PBXProject;
			attributes = {
				BuildIndependentTargetsInParallel = 1;
				LastSwiftUpdateCheck = 1640;
				LastUpgradeCheck = 1640;
				TargetAttributes = {
					35BAE32E2E12F5B90092438B = {
						CreatedOnToolsVersion = 16.4;
					};
					35BAE33B2E12F5BA0092438B = {
						CreatedOnToolsVersion = 16.4;
						TestTargetID = 35BAE32E2E12F5B90092438B;
					};
					35BAE3452E12F5BA0092438B = {
						CreatedOnToolsVersion = 16.4;
						TestTargetID = 35BAE32E2E12F5B90092438B;
					};
				};
			};
			buildConfigurationList = 35BAE32A2E12F5B90092438B /* Build configuration list for PBXProject "MoonshotApp" */;
			developmentRegion = en;
			hasScannedForEncodings = 0;
			knownRegions = (
				en,
				Base,
			);
			mainGroup = 35BAE3262E12F5B90092438B;
			minimizedProjectReferenceProxies = 1;
			preferredProjectObjectVersion = 77;
			productRefGroup = 35BAE3302E12F5B90092438B /* Products */;
			projectDirPath = "";
			projectRoot = "";
			targets = (
				35BAE32E2E12F5B90092438B /* MoonshotApp */,
				35BAE33B2E12F5BA0092438B /* MoonshotAppTests */,
				35BAE3452E12F5BA0092438B /* MoonshotAppUITests */,
			);
		};
/* End PBXProject section */

/* Begin PBXResourcesBuildPhase section */
		35BAE32D2E12F5B90092438B /* Resources */ = {
			isa = PBXResourcesBuildPhase;
			buildActionMask = 2147483647;
			files = (
			);
			runOnlyForDeploymentPostprocessing = 0;
		};
		35BAE33A2E12F5BA0092438B /* Resources */ = {
			isa = PBXResourcesBuildPhase;
			buildActionMask = 2147483647;
			files = (
			);
			runOnlyForDeploymentPostprocessing = 0;
		};
		35BAE3442E12F5BA0092438B /* Resources */ = {
			isa = PBXResourcesBuildPhase;
			buildActionMask = 2147483647;
			files = (
			);
			runOnlyForDeploymentPostprocessing = 0;
		};
/* End PBXResourcesBuildPhase section */

/* Begin PBXSourcesBuildPhase section */
		35BAE32B2E12F5B90092438B /* Sources */ = {
			isa = PBXSourcesBuildPhase;
			buildActionMask = 2147483647;
			files = (
			);
			runOnlyForDeploymentPostprocessing = 0;
		};
		35BAE3382E12F5BA0092438B /* Sources */ = {
			isa = PBXSourcesBuildPhase;
			buildActionMask = 2147483647;
			files = (
			);
			runOnlyForDeploymentPostprocessing = 0;
		};
		35BAE3422E12F5BA0092438B /* Sources */ = {
			isa = PBXSourcesBuildPhase;
			buildActionMask = 2147483647;
			files = (
			);
			runOnlyForDeploymentPostprocessing = 0;
		};
/* End PBXSourcesBuildPhase section */

/* Begin PBXTargetDependency section */
		35BAE33E2E12F5BA0092438B /* PBXTargetDependency */ = {
			isa = PBXTargetDependency;
			target = 35BAE32E2E12F5B90092438B /* MoonshotApp */;
			targetProxy = 35BAE33D2E12F5BA0092438B /* PBXContainerItemProxy */;
		};
		35BAE3482E12F5BA0092438B /* PBXTargetDependency */ = {
			isa = PBXTargetDependency;
			target = 35BAE32E2E12F5B90092438B /* MoonshotApp */;
			targetProxy = 35BAE3472E12F5BA0092438B /* PBXContainerItemProxy */;
		};
/* End PBXTargetDependency section */

/* Begin XCBuildConfiguration section */
		35BAE34E2E12F5BA0092438B /* Debug */ = {
			isa = XCBuildConfiguration;
			buildSettings = {
				ALWAYS_SEARCH_USER_PATHS = NO;
				ASSETCATALOG_COMPILER_GENERATE_SWIFT_ASSET_SYMBOL_EXTENSIONS = YES;
				CLANG_ANALYZER_NONNULL = YES;
				CLANG_ANALYZER_NUMBER_OBJECT_CONVERSION = YES_AGGRESSIVE;
				CLANG_CXX_LANGUAGE_STANDARD = "gnu++20";
				CLANG_ENABLE_MODULES = YES;
				CLANG_ENABLE_OBJC_ARC = YES;
				CLANG_ENABLE_OBJC_WEAK = YES;
				CLANG_WARN_BLOCK_CAPTURE_AUTORELEASING = YES;
				CLANG_WARN_BOOL_CONVERSION = YES;
				CLANG_WARN_COMMA = YES;
				CLANG_WARN_CONSTANT_CONVERSION = YES;
				CLANG_WARN_DEPRECATED_OBJC_IMPLEMENTATIONS = YES;
				CLANG_WARN_DIRECT_OBJC_ISA_USAGE = YES_ERROR;
				CLANG_WARN_DOCUMENTATION_COMMENTS = YES;
				CLANG_WARN_EMPTY_BODY = YES;
				CLANG_WARN_ENUM_CONVERSION = YES;
				CLANG_WARN_INFINITE_RECURSION = YES;
				CLANG_WARN_INT_CONVERSION = YES;
				CLANG_WARN_NON_LITERAL_NULL_CONVERSION = YES;
				CLANG_WARN_OBJC_IMPLICIT_RETAIN_SELF = YES;
				CLANG_WARN_OBJC_LITERAL_CONVERSION = YES;
				CLANG_WARN_OBJC_ROOT_CLASS = YES_ERROR;
				CLANG_WARN_QUOTED_INCLUDE_IN_FRAMEWORK_HEADER = YES;
				CLANG_WARN_RANGE_LOOP_ANALYSIS = YES;
				CLANG_WARN_STRICT_PROTOTYPES = YES;
				CLANG_WARN_SUSPICIOUS_MOVE = YES;
				CLANG_WARN_UNGUARDED_AVAILABILITY = YES_AGGRESSIVE;
				CLANG_WARN_UNREACHABLE_CODE = YES;
				CLANG_WARN__DUPLICATE_METHOD_MATCH = YES;
				COPY_PHASE_STRIP = NO;
				DEBUG_INFORMATION_FORMAT = dwarf;
				DEVELOPMENT_TEAM = Y9JXKJ8RM3;
				ENABLE_STRICT_OBJC_MSGSEND = YES;
				ENABLE_TESTABILITY = YES;
				ENABLE_USER_SCRIPT_SANDBOXING = YES;
				GCC_C_LANGUAGE_STANDARD = gnu17;
				GCC_DYNAMIC_NO_PIC = NO;
				GCC_NO_COMMON_BLOCKS = YES;
				GCC_OPTIMIZATION_LEVEL = 0;
				GCC_PREPROCESSOR_DEFINITIONS = (
					"DEBUG=1",
					"$(inherited)",
				);
				GCC_WARN_64_TO_32_BIT_CONVERSION = YES;
				GCC_WARN_ABOUT_RETURN_TYPE = YES_ERROR;
				GCC_WARN_UNDECLARED_SELECTOR = YES;
				GCC_WARN_UNINITIALIZED_AUTOS = YES_AGGRESSIVE;
				GCC_WARN_UNUSED_FUNCTION = YES;
				GCC_WARN_UNUSED_VARIABLE = YES;
				IPHONEOS_DEPLOYMENT_TARGET = 18.5;
				LOCALIZATION_PREFERS_STRING_CATALOGS = YES;
				MTL_ENABLE_DEBUG_INFO = INCLUDE_SOURCE;
				MTL_FAST_MATH = YES;
				ONLY_ACTIVE_ARCH = YES;
				SDKROOT = iphoneos;
				SWIFT_ACTIVE_COMPILATION_CONDITIONS = "DEBUG $(inherited)";
				SWIFT_OPTIMIZATION_LEVEL = "-Onone";
			};
			name = Debug;
		};
		35BAE34F2E12F5BA0092438B /* Release */ = {
			isa = XCBuildConfiguration;
			buildSettings = {
				ALWAYS_SEARCH_USER_PATHS = NO;
				ASSETCATALOG_COMPILER_GENERATE_SWIFT_ASSET_SYMBOL_EXTENSIONS = YES;
				CLANG_ANALYZER_NONNULL = YES;
				CLANG_ANALYZER_NUMBER_OBJECT_CONVERSION = YES_AGGRESSIVE;
				CLANG_CXX_LANGUAGE_STANDARD = "gnu++20";
				CLANG_ENABLE_MODULES = YES;
				CLANG_ENABLE_OBJC_ARC = YES;
				CLANG_ENABLE_OBJC_WEAK = YES;
				CLANG_WARN_BLOCK_CAPTURE_AUTORELEASING = YES;
				CLANG_WARN_BOOL_CONVERSION = YES;
				CLANG_WARN_COMMA = YES;
				CLANG_WARN_CONSTANT_CONVERSION = YES;
				CLANG_WARN_DEPRECATED_OBJC_IMPLEMENTATIONS = YES;
				CLANG_WARN_DIRECT_OBJC_ISA_USAGE = YES_ERROR;
				CLANG_WARN_DOCUMENTATION_COMMENTS = YES;
				CLANG_WARN_EMPTY_BODY = YES;
				CLANG_WARN_ENUM_CONVERSION = YES;
				CLANG_WARN_INFINITE_RECURSION = YES;
				CLANG_WARN_INT_CONVERSION = YES;
				CLANG_WARN_NON_LITERAL_NULL_CONVERSION = YES;
				CLANG_WARN_OBJC_IMPLICIT_RETAIN_SELF = YES;
				CLANG_WARN_OBJC_LITERAL_CONVERSION = YES;
				CLANG_WARN_OBJC_ROOT_CLASS = YES_ERROR;
				CLANG_WARN_QUOTED_INCLUDE_IN_FRAMEWORK_HEADER = YES;
				CLANG_WARN_RANGE_LOOP_ANALYSIS = YES;
				CLANG_WARN_STRICT_PROTOTYPES = YES;
				CLANG_WARN_SUSPICIOUS_MOVE = YES;
				CLANG_WARN_UNGUARDED_AVAILABILITY = YES_AGGRESSIVE;
				CLANG_WARN_UNREACHABLE_CODE = YES;
				CLANG_WARN__DUPLICATE_METHOD_MATCH = YES;
				COPY_PHASE_STRIP = NO;
				DEBUG_INFORMATION_FORMAT = "dwarf-with-dsym";
				DEVELOPMENT_TEAM = Y9JXKJ8RM3;
				ENABLE_NS_ASSERTIONS = NO;
				ENABLE_STRICT_OBJC_MSGSEND = YES;
				ENABLE_USER_SCRIPT_SANDBOXING = YES;
				GCC_C_LANGUAGE_STANDARD = gnu17;
				GCC_NO_COMMON_BLOCKS = YES;
				GCC_WARN_64_TO_32_BIT_CONVERSION = YES;
				GCC_WARN_ABOUT_RETURN_TYPE = YES_ERROR;
				GCC_WARN_UNDECLARED_SELECTOR = YES;
				GCC_WARN_UNINITIALIZED_AUTOS = YES_AGGRESSIVE;
				GCC_WARN_UNUSED_FUNCTION = YES;
				GCC_WARN_UNUSED_VARIABLE = YES;
				IPHONEOS_DEPLOYMENT_TARGET = 18.5;
				LOCALIZATION_PREFERS_STRING_CATALOGS = YES;
				MTL_ENABLE_DEBUG_INFO = NO;
				MTL_FAST_MATH = YES;
				SDKROOT = iphoneos;
				SWIFT_COMPILATION_MODE = wholemodule;
				VALIDATE_PRODUCT = YES;
			};
			name = Release;
		};
		35BAE3512E12F5BA0092438B /* Debug */ = {
			isa = XCBuildConfiguration;
			buildSettings = {
				ASSETCATALOG_COMPILER_APPICON_NAME = AppIcon;
				ASSETCATALOG_COMPILER_GLOBAL_ACCENT_COLOR_NAME = AccentColor;
				CODE_SIGN_STYLE = Automatic;
				CURRENT_PROJECT_VERSION = 1;
				DEVELOPMENT_TEAM = Y9JXKJ8RM3;
				ENABLE_PREVIEWS = YES;
				GENERATE_INFOPLIST_FILE = YES;
				INFOPLIST_KEY_UIApplicationSceneManifest_Generation = YES;
				INFOPLIST_KEY_UIApplicationSupportsIndirectInputEvents = YES;
				INFOPLIST_KEY_UILaunchScreen_Generation = YES;
				INFOPLIST_KEY_UISupportedInterfaceOrientations_iPad = "UIInterfaceOrientationPortrait UIInterfaceOrientationPortraitUpsideDown UIInterfaceOrientationLandscapeLeft UIInterfaceOrientationLandscapeRight";
				INFOPLIST_KEY_UISupportedInterfaceOrientations_iPhone = "UIInterfaceOrientationPortrait UIInterfaceOrientationLandscapeLeft UIInterfaceOrientationLandscapeRight";
				LD_RUNPATH_SEARCH_PATHS = (
					"$(inherited)",
					"@executable_path/Frameworks",
				);
				MARKETING_VERSION = 1.0;
				PRODUCT_BUNDLE_IDENTIFIER = DafGet.MoonshotApp;
				PRODUCT_NAME = "$(TARGET_NAME)";
				SWIFT_EMIT_LOC_STRINGS = YES;
				SWIFT_VERSION = 5.0;
				TARGETED_DEVICE_FAMILY = "1,2";
			};
			name = Debug;
		};
		35BAE3522E12F5BA0092438B /* Release */ = {
			isa = XCBuildConfiguration;
			buildSettings = {
				ASSETCATALOG_COMPILER_APPICON_NAME = AppIcon;
				ASSETCATALOG_COMPILER_GLOBAL_ACCENT_COLOR_NAME = AccentColor;
				CODE_SIGN_STYLE = Automatic;
				CURRENT_PROJECT_VERSION = 1;
				DEVELOPMENT_TEAM = Y9JXKJ8RM3;
				ENABLE_PREVIEWS = YES;
				GENERATE_INFOPLIST_FILE = YES;
				INFOPLIST_KEY_UIApplicationSceneManifest_Generation = YES;
				INFOPLIST_KEY_UIApplicationSupportsIndirectInputEvents = YES;
				INFOPLIST_KEY_UILaunchScreen_Generation = YES;
				INFOPLIST_KEY_UISupportedInterfaceOrientations_iPad = "UIInterfaceOrientationPortrait UIInterfaceOrientationPortraitUpsideDown UIInterfaceOrientationLandscapeLeft UIInterfaceOrientationLandscapeRight";
				INFOPLIST_KEY_UISupportedInterfaceOrientations_iPhone = "UIInterfaceOrientationPortrait UIInterfaceOrientationLandscapeLeft UIInterfaceOrientationLandscapeRight";
				LD_RUNPATH_SEARCH_PATHS = (
					"$(inherited)",
					"@executable_path/Frameworks",
				);
				MARKETING_VERSION = 1.0;
				PRODUCT_BUNDLE_IDENTIFIER = DafGet.MoonshotApp;
				PRODUCT_NAME = "$(TARGET_NAME)";
				SWIFT_EMIT_LOC_STRINGS = YES;
				SWIFT_VERSION = 5.0;
				TARGETED_DEVICE_FAMILY = "1,2";
			};
			name = Release;
		};
		35BAE3542E12F5BA0092438B /* Debug */ = {
			isa = XCBuildConfiguration;
			buildSettings = {
				BUNDLE_LOADER = "$(TEST_HOST)";
				CODE_SIGN_STYLE = Automatic;
				CURRENT_PROJECT_VERSION = 1;
				DEVELOPMENT_TEAM = Y9JXKJ8RM3;
				GENERATE_INFOPLIST_FILE = YES;
				IPHONEOS_DEPLOYMENT_TARGET = 18.5;
				MARKETING_VERSION = 1.0;
				PRODUCT_BUNDLE_IDENTIFIER = DafGet.MoonshotAppTests;
				PRODUCT_NAME = "$(TARGET_NAME)";
				SWIFT_EMIT_LOC_STRINGS = NO;
				SWIFT_VERSION = 5.0;
				TARGETED_DEVICE_FAMILY = "1,2";
				TEST_HOST = "$(BUILT_PRODUCTS_DIR)/MoonshotApp.app/$(BUNDLE_EXECUTABLE_FOLDER_PATH)/MoonshotApp";
			};
			name = Debug;
		};
		35BAE3552E12F5BA0092438B /* Release */ = {
			isa = XCBuildConfiguration;
			buildSettings = {
				BUNDLE_LOADER = "$(TEST_HOST)";
				CODE_SIGN_STYLE = Automatic;
				CURRENT_PROJECT_VERSION = 1;
				DEVELOPMENT_TEAM = Y9JXKJ8RM3;
				GENERATE_INFOPLIST_FILE = YES;
				IPHONEOS_DEPLOYMENT_TARGET = 18.5;
				MARKETING_VERSION = 1.0;
				PRODUCT_BUNDLE_IDENTIFIER = DafGet.MoonshotAppTests;
				PRODUCT_NAME = "$(TARGET_NAME)";
				SWIFT_EMIT_LOC_STRINGS = NO;
				SWIFT_VERSION = 5.0;
				TARGETED_DEVICE_FAMILY = "1,2";
				TEST_HOST = "$(BUILT_PRODUCTS_DIR)/MoonshotApp.app/$(BUNDLE_EXECUTABLE_FOLDER_PATH)/MoonshotApp";
			};
			name = Release;
		};
		35BAE3572E12F5BA0092438B /* Debug */ = {
			isa = XCBuildConfiguration;
			buildSettings = {
				CODE_SIGN_STYLE = Automatic;
				CURRENT_PROJECT_VERSION = 1;
				DEVELOPMENT_TEAM = Y9JXKJ8RM3;
				GENERATE_INFOPLIST_FILE = YES;
				MARKETING_VERSION = 1.0;
				PRODUCT_BUNDLE_IDENTIFIER = DafGet.MoonshotAppUITests;
				PRODUCT_NAME = "$(TARGET_NAME)";
				SWIFT_EMIT_LOC_STRINGS = NO;
				SWIFT_VERSION = 5.0;
				TARGETED_DEVICE_FAMILY = "1,2";
				TEST_TARGET_NAME = MoonshotApp;
			};
			name = Debug;
		};
		35BAE3582E12F5BA0092438B /* Release */ = {
			isa = XCBuildConfiguration;
			buildSettings = {
				CODE_SIGN_STYLE = Automatic;
				CURRENT_PROJECT_VERSION = 1;
				DEVELOPMENT_TEAM = Y9JXKJ8RM3;
				GENERATE_INFOPLIST_FILE = YES;
				MARKETING_VERSION = 1.0;
				PRODUCT_BUNDLE_IDENTIFIER = DafGet.MoonshotAppUITests;
				PRODUCT_NAME = "$(TARGET_NAME)";
				SWIFT_EMIT_LOC_STRINGS = NO;
				SWIFT_VERSION = 5.0;
				TARGETED_DEVICE_FAMILY = "1,2";
				TEST_TARGET_NAME = MoonshotApp;
			};
			name = Release;
		};
/* End XCBuildConfiguration section */

/* Begin XCConfigurationList section */
		35BAE32A2E12F5B90092438B /* Build configuration list for PBXProject "MoonshotApp" */ = {
			isa = XCConfigurationList;
			buildConfigurations = (
				35BAE34E2E12F5BA0092438B /* Debug */,
				35BAE34F2E12F5BA0092438B /* Release */,
			);
			defaultConfigurationIsVisible = 0;
			defaultConfigurationName = Release;
		};
		35BAE3502E12F5BA0092438B /* Build configuration list for PBXNativeTarget "MoonshotApp" */ = {
			isa = XCConfigurationList;
			buildConfigurations = (
				35BAE3512E12F5BA0092438B /* Debug */,
				35BAE3522E12F5BA0092438B /* Release */,
			);
			defaultConfigurationIsVisible = 0;
			defaultConfigurationName = Release;
		};
		35BAE3532E12F5BA0092438B /* Build configuration list for PBXNativeTarget "MoonshotAppTests" */ = {
			isa = XCConfigurationList;
			buildConfigurations = (
				35BAE3542E12F5BA0092438B /* Debug */,
				35BAE3552E12F5BA0092438B /* Release */,
			);
			defaultConfigurationIsVisible = 0;
			defaultConfigurationName = Release;
		};
		35BAE3562E12F5BA0092438B /* Build configuration list for PBXNativeTarget "MoonshotAppUITests" */ = {
			isa = XCConfigurationList;
			buildConfigurations = (
				35BAE3572E12F5BA0092438B /* Debug */,
				35BAE3582E12F5BA0092438B /* Release */,
			);
			defaultConfigurationIsVisible = 0;
			defaultConfigurationName = Release;
		};
/* End XCConfigurationList section */
	};
	rootObject = 35BAE3272E12F5B90092438B /* Project object */;
}
